
Microsoft Visual Studio Solution File, Format Version 12.00
# Visual Studio Version 17
VisualStudioVersion = 17.11.35222.181
MinimumVisualStudioVersion = 10.0.40219.1
Project("{FAE04EC0-301F-11D3-BF4B-00C04F79EFBC}") = "YouTubeApiProject", "YouTubeApiProject\YouTubeApiProject.csproj", "{55D8C61D-05CF-4E8A-9F89-A12E2E1A45CF}"
EndProject
Global
	GlobalSection(SolutionConfigurationPlatforms) = preSolution
		Debug|Any CPU = Debug|Any CPU
		Release|Any CPU = Release|Any CPU
	EndGlobalSection
	GlobalSection(ProjectConfigurationPlatforms) = postSolution
		{55D8C61D-05CF-4E8A-9F89-A12E2E1A45CF}.Debug|Any CPU.ActiveCfg = Debug|Any CPU
		{55D8C61D-05CF-4E8A-9F89-A12E2E1A45CF}.Debug|Any CPU.Build.0 = Debug|Any CPU
		{55D8C61D-05CF-4E8A-9F89-A12E2E1A45CF}.Release|Any CPU.ActiveCfg = Release|Any CPU
		{55D8C61D-05CF-4E8A-9F89-A12E2E1A45CF}.Release|Any CPU.Build.0 = Release|Any CPU
	EndGlobalSection
	GlobalSection(SolutionProperties) = preSolution
		HideSolutionNode = FALSE
	EndGlobalSection
	GlobalSection(ExtensibilityGlobals) = postSolution
		SolutionGuid = {997B810D-5BE7-4DC2-B885-D00E2BD9FD4F}
	EndGlobalSection
EndGlobal
